
Microsoft Visual Studio Solution File, Format Version 12.00
# Visual Studio 15
VisualStudioVersion = 15.0.33423.255
MinimumVisualStudioVersion = 10.0.40219.1
Project("{FAE04EC0-301F-11D3-BF4B-00C04F79EFBC}") = "ApiRestWeb", "ApiRestWeb\ApiRestWeb.csproj", "{7A4E0F47-2B43-4BA9-BCB7-EFC87B0D32DC}"
EndProject
Global
	GlobalSection(SolutionConfigurationPlatforms) = preSolution
		Debug|Any CPU = Debug|Any CPU
		Release|Any CPU = Release|Any CPU
	EndGlobalSection
	GlobalSection(ProjectConfigurationPlatforms) = postSolution
		{7A4E0F47-2B43-4BA9-BCB7-EFC87B0D32DC}.Debug|Any CPU.ActiveCfg = Debug|Any CPU
		{7A4E0F47-2B43-4BA9-BCB7-EFC87B0D32DC}.Debug|Any CPU.Build.0 = Debug|Any CPU
		{7A4E0F47-2B43-4BA9-BCB7-EFC87B0D32DC}.Release|Any CPU.ActiveCfg = Release|Any CPU
		{7A4E0F47-2B43-4BA9-BCB7-EFC87B0D32DC}.Release|Any CPU.Build.0 = Release|Any CPU
	EndGlobalSection
	GlobalSection(SolutionProperties) = preSolution
		HideSolutionNode = FALSE
	EndGlobalSection
	GlobalSection(ExtensibilityGlobals) = postSolution
		SolutionGuid = {B8E87A80-BED0-4A28-9F90-F7B802347215}
	EndGlobalSection
EndGlobal
